
Microsoft Visual Studio Solution File, Format Version 12.00
# Visual Studio Version 17
VisualStudioVersion = 17.9.34714.143
MinimumVisualStudioVersion = 10.0.40219.1
Project("{FAE04EC0-301F-11D3-BF4B-00C04F79EFBC}") = "InfoShelf.Server", "InfoShelf.Server\InfoShelf.Server.csproj", "{768D3D4F-DEE6-487D-890A-7F5CF5213CB1}"
EndProject
Project("{54A90642-561A-4BB1-A94E-469ADEE60C69}") = "infoshelf.client", "infoshelf.client\infoshelf.client.esproj", "{63CD094D-E800-4F0B-84F0-8C5B90921E74}"
EndProject
Global
	GlobalSection(SolutionConfigurationPlatforms) = preSolution
		Debug|Any CPU = Debug|Any CPU
		Release|Any CPU = Release|Any CPU
	EndGlobalSection
	GlobalSection(ProjectConfigurationPlatforms) = postSolution
		{768D3D4F-DEE6-487D-890A-7F5CF5213CB1}.Debug|Any CPU.ActiveCfg = Debug|Any CPU
		{768D3D4F-DEE6-487D-890A-7F5CF5213CB1}.Debug|Any CPU.Build.0 = Debug|Any CPU
		{768D3D4F-DEE6-487D-890A-7F5CF5213CB1}.Release|Any CPU.ActiveCfg = Release|Any CPU
		{768D3D4F-DEE6-487D-890A-7F5CF5213CB1}.Release|Any CPU.Build.0 = Release|Any CPU
		{63CD094D-E800-4F0B-84F0-8C5B90921E74}.Debug|Any CPU.ActiveCfg = Debug|Any CPU
		{63CD094D-E800-4F0B-84F0-8C5B90921E74}.Debug|Any CPU.Build.0 = Debug|Any CPU
		{63CD094D-E800-4F0B-84F0-8C5B90921E74}.Debug|Any CPU.Deploy.0 = Debug|Any CPU
		{63CD094D-E800-4F0B-84F0-8C5B90921E74}.Release|Any CPU.ActiveCfg = Release|Any CPU
		{63CD094D-E800-4F0B-84F0-8C5B90921E74}.Release|Any CPU.Build.0 = Release|Any CPU
		{63CD094D-E800-4F0B-84F0-8C5B90921E74}.Release|Any CPU.Deploy.0 = Release|Any CPU
	EndGlobalSection
	GlobalSection(SolutionProperties) = preSolution
		HideSolutionNode = FALSE
	EndGlobalSection
	GlobalSection(ExtensibilityGlobals) = postSolution
		SolutionGuid = {776AFCE1-C0AA-4CE6-A54B-FDF8B76EF77B}
	EndGlobalSection
EndGlobal
